
Microsoft Visual Studio Solution File, Format Version 12.00
# Visual Studio Version 17
VisualStudioVersion = 17.0.31903.59
MinimumVisualStudioVersion = 10.0.40219.1
Project("{FAE04EC0-301F-11D3-BF4B-00C04F79EFBC}") = "RPSLS Game", "RPSLS Game.csproj", "{D5A92ADD-1FC8-42C5-B2A2-0AAAF5EC0E4B}"
EndProject
Global
	GlobalSection(SolutionConfigurationPlatforms) = preSolution
		Debug|Any CPU = Debug|Any CPU
		Release|Any CPU = Release|Any CPU
	EndGlobalSection
	GlobalSection(ProjectConfigurationPlatforms) = postSolution
		{D5A92ADD-1FC8-42C5-B2A2-0AAAF5EC0E4B}.Debug|Any CPU.ActiveCfg = Debug|Any CPU
		{D5A92ADD-1FC8-42C5-B2A2-0AAAF5EC0E4B}.Debug|Any CPU.Build.0 = Debug|Any CPU
		{D5A92ADD-1FC8-42C5-B2A2-0AAAF5EC0E4B}.Release|Any CPU.ActiveCfg = Release|Any CPU
		{D5A92ADD-1FC8-42C5-B2A2-0AAAF5EC0E4B}.Release|Any CPU.Build.0 = Release|Any CPU
	EndGlobalSection
	GlobalSection(SolutionProperties) = preSolution
		HideSolutionNode = FALSE
	EndGlobalSection
	GlobalSection(ExtensibilityGlobals) = postSolution
		SolutionGuid = {E6AC8F0E-4AD6-46C4-97EF-952BE54666AD}
	EndGlobalSection
EndGlobal
